# This file is automatically @generated by Cargo.
# It is not intended for manual editing.
version = 3

[[package]]
name = "cc"
version = "1.0.73"
source = "registry+https://github.com/rust-lang/crates.io-index"
checksum = "2fff2a6927b3bb87f9595d67196a70493f627687a71d87a0d692242c33f58c11"

[[package]]
name = "claw_editor"
version = "0.1.0"
dependencies = [
 "wxrust",
]

[[package]]
name = "wxrust"
version = "0.0.1-alpha"
source = "git+https://github.com/kenz-gelsoft/wxRust2#55911cd64223093a70b8bb064e80b5303519e069"
dependencies = [
 "cc",
 "wxrust-base",
 "wxrust-config",
]

[[package]]
name = "wxrust-base"
version = "0.0.1-alpha"
source = "git+https://github.com/kenz-gelsoft/wxRust2#55911cd64223093a70b8bb064e80b5303519e069"
dependencies = [
 "cc",
 "wxrust-config",
]

[[package]]
name = "wxrust-config"
version = "0.0.1-alpha2"
source = "registry+https://github.com/rust-lang/crates.io-index"
checksum = "fc9101a2b1cdbb24f95fad6f6dbb581ca8e115de8fc363beaa2f7e7b8b6dbdd2"
dependencies = [
 "cc",
]
