# This file is automatically @generated by Cargo.
# It is not intended for manual editing.
version = 3

[[package]]
name = "cc"
version = "1.0.76"
source = "registry+https://github.com/rust-lang/crates.io-index"
checksum = "76a284da2e6fe2092f2353e51713435363112dfd60030e22add80be333fb928f"

[[package]]
name = "claw_editor"
version = "0.1.0"
dependencies = [
 "wxrust",
]

[[package]]
name = "wxrust"
version = "0.0.1-alpha"
source = "git+https://github.com/kenz-gelsoft/wxRust2#207962ead9957241db2b76318c5cb7beb740f5f3"
dependencies = [
 "cc",
 "wxrust-base",
 "wxrust-config",
]

[[package]]
name = "wxrust-base"
version = "0.0.1-alpha"
source = "git+https://github.com/kenz-gelsoft/wxRust2#207962ead9957241db2b76318c5cb7beb740f5f3"
dependencies = [
 "cc",
 "wxrust-config",
]

[[package]]
name = "wxrust-config"
version = "0.0.1-alpha2"
source = "registry+https://github.com/rust-lang/crates.io-index"
checksum = "fc9101a2b1cdbb24f95fad6f6dbb581ca8e115de8fc363beaa2f7e7b8b6dbdd2"
dependencies = [
 "cc",
]
